// !$*UTF8*$!
{
	archiveVersion = 1;
	classes = {
	};
	objectVersion = 77;
	objects = {

/* Begin PBXBuildFile section */
		0975ED47F5362444C2D840FD /* Page1View.swift in Sources */ = {isa = PBXBuildFile; fileRef = 84A6202E2C78CC4DFB7D7632 /* Page1View.swift */; };
		321B38303B986C6369308576 /* emojis.json in Resources */ = {isa = PBXBuildFile; fileRef = B99B0180D58A89084A28C00A /* emojis.json */; };
		56F48618263109593329E424 /* ContentView.swift in Sources */ = {isa = PBXBuildFile; fileRef = 93BB77B7FCDD016BE69A4E98 /* ContentView.swift */; };
		654047F009453216D1549A70 /* QuickEmojisApp.swift in Sources */ = {isa = PBXBuildFile; fileRef = 8CE5834890ECE687E668AEAD /* QuickEmojisApp.swift */; };
		9CA88B3D6FEF787B778FC6F4 /* Assets.xcassets in Resources */ = {isa = PBXBuildFile; fileRef = B83493A47C4C913C2700724A /* Assets.xcassets */; };
		A028F395C69CF4A7ABCD0279 /* EmojiData.swift in Sources */ = {isa = PBXBuildFile; fileRef = 3F80C0FEF55D6DA78D0D05BA /* EmojiData.swift */; };
		CB4FF36C0462452281ABCC8C /* Page2View.swift in Sources */ = {isa = PBXBuildFile; fileRef = 61DDDF7B0729675C401905AA /* Page2View.swift */; };
/* End PBXBuildFile section */

/* Begin PBXFileReference section */
		3F80C0FEF55D6DA78D0D05BA /* EmojiData.swift */ = {isa = PBXFileReference; lastKnownFileType = sourcecode.swift; path = EmojiData.swift; sourceTree = "<group>"; };
		494DEA2F9F2B3B875A2E568F /* QuickEmojis.app */ = {isa = PBXFileReference; includeInIndex = 0; lastKnownFileType = wrapper.application; path = QuickEmojis.app; sourceTree = BUILT_PRODUCTS_DIR; };
		61DDDF7B0729675C401905AA /* Page2View.swift */ = {isa = PBXFileReference; lastKnownFileType = sourcecode.swift; path = Page2View.swift; sourceTree = "<group>"; };
		84A6202E2C78CC4DFB7D7632 /* Page1View.swift */ = {isa = PBXFileReference; lastKnownFileType = sourcecode.swift; path = Page1View.swift; sourceTree = "<group>"; };
		8CE5834890ECE687E668AEAD /* QuickEmojisApp.swift */ = {isa = PBXFileReference; lastKnownFileType = sourcecode.swift; path = QuickEmojisApp.swift; sourceTree = "<group>"; };
		93BB77B7FCDD016BE69A4E98 /* ContentView.swift */ = {isa = PBXFileReference; lastKnownFileType = sourcecode.swift; path = ContentView.swift; sourceTree = "<group>"; };
		B83493A47C4C913C2700724A /* Assets.xcassets */ = {isa = PBXFileReference; lastKnownFileType = folder.assetcatalog; path = Assets.xcassets; sourceTree = "<group>"; };
		B99B0180D58A89084A28C00A /* emojis.json */ = {isa = PBXFileReference; lastKnownFileType = text.json; path = emojis.json; sourceTree = "<group>"; };
/* End PBXFileReference section */

/* Begin PBXGroup section */
		124AE0763F20FEF7E1F454C0 /* QuickEmojis */ = {
			isa = PBXGroup;
			children = (
				B83493A47C4C913C2700724A /* Assets.xcassets */,
				93BB77B7FCDD016BE69A4E98 /* ContentView.swift */,
				3F80C0FEF55D6DA78D0D05BA /* EmojiData.swift */,
				B99B0180D58A89084A28C00A /* emojis.json */,
				84A6202E2C78CC4DFB7D7632 /* Page1View.swift */,
				61DDDF7B0729675C401905AA /* Page2View.swift */,
				8CE5834890ECE687E668AEAD /* QuickEmojisApp.swift */,
			);
			path = QuickEmojis;
			sourceTree = "<group>";
		};
		43A7EFF68565CA6449431E8B /* Products */ = {
			isa = PBXGroup;
			children = (
				494DEA2F9F2B3B875A2E568F /* QuickEmojis.app */,
			);
			name = Products;
			sourceTree = "<group>";
		};
		5A309B2F7FFC6EFB1CDBB744 = {
			isa = PBXGroup;
			children = (
				124AE0763F20FEF7E1F454C0 /* QuickEmojis */,
				43A7EFF68565CA6449431E8B /* Products */,
			);
			sourceTree = "<group>";
		};
/* End PBXGroup section */

/* Begin PBXNativeTarget section */
		F2938C6D0BD2EFE83976A3EF /* QuickEmojis */ = {
			isa = PBXNativeTarget;
			buildConfigurationList = 01200DD8878203FFA7649E28 /* Build configuration list for PBXNativeTarget "QuickEmojis" */;
			buildPhases = (
				5F5CF241457981D99EC0BDBE /* Sources */,
				D6103F3B769687EEDE117B5B /* Resources */,
			);
			buildRules = (
			);
			dependencies = (
			);
			name = QuickEmojis;
			packageProductDependencies = (
			);
			productName = QuickEmojis;
			productReference = 494DEA2F9F2B3B875A2E568F /* QuickEmojis.app */;
			productType = "com.apple.product-type.application";
		};
/* End PBXNativeTarget section */

/* Begin PBXProject section */
		D81868B05B97536F68DFBCEE /* Project object */ = {
			isa = PBXProject;
			attributes = {
				BuildIndependentTargetsInParallel = YES;
				LastUpgradeCheck = 1430;
				TargetAttributes = {
					F2938C6D0BD2EFE83976A3EF = {
						DevelopmentTeam = 3YH5RQ572Q;
						ProvisioningStyle = Automatic;
					};
				};
			};
			buildConfigurationList = 04264F08524B4E9A1D446598 /* Build configuration list for PBXProject "QuickEmojis" */;
			developmentRegion = en;
			hasScannedForEncodings = 0;
			knownRegions = (
				Base,
				en,
			);
			mainGroup = 5A309B2F7FFC6EFB1CDBB744;
			minimizedProjectReferenceProxies = 1;
			preferredProjectObjectVersion = 77;
			productRefGroup = 43A7EFF68565CA6449431E8B /* Products */;
			projectDirPath = "";
			projectRoot = "";
			targets = (
				F2938C6D0BD2EFE83976A3EF /* QuickEmojis */,
			);
		};
/* End PBXProject section */

/* Begin PBXResourcesBuildPhase section */
		D6103F3B769687EEDE117B5B /* Resources */ = {
			isa = PBXResourcesBuildPhase;
			buildActionMask = 2147483647;
			files = (
				9CA88B3D6FEF787B778FC6F4 /* Assets.xcassets in Resources */,
				321B38303B986C6369308576 /* emojis.json in Resources */,
			);
			runOnlyForDeploymentPostprocessing = 0;
		};
/* End PBXResourcesBuildPhase section */

/* Begin PBXSourcesBuildPhase section */
		5F5CF241457981D99EC0BDBE /* Sources */ = {
			isa = PBXSourcesBuildPhase;
			buildActionMask = 2147483647;
			files = (
				56F48618263109593329E424 /* ContentView.swift in Sources */,
				A028F395C69CF4A7ABCD0279 /* EmojiData.swift in Sources */,
				0975ED47F5362444C2D840FD /* Page1View.swift in Sources */,
				CB4FF36C0462452281ABCC8C /* Page2View.swift in Sources */,
				654047F009453216D1549A70 /* QuickEmojisApp.swift in Sources */,
			);
			runOnlyForDeploymentPostprocessing = 0;
		};
/* End PBXSourcesBuildPhase section */

/* Begin XCBuildConfiguration section */
		B1B3EC3B106F94345FABBE96 /* Debug */ = {
			isa = XCBuildConfiguration;
			buildSettings = {
				ASSETCATALOG_COMPILER_APPICON_NAME = AppIcon;
				ASSETCATALOG_COMPILER_GLOBAL_ACCENT_COLOR_NAME = AccentColor;
				CODE_SIGN_IDENTITY = "iPhone Developer";
				CODE_SIGN_STYLE = Automatic;
				CURRENT_PROJECT_VERSION = 1;
				DEVELOPMENT_TEAM = 3YH5RQ572Q;
				GENERATE_INFOPLIST_FILE = YES;
				INFOPLIST_KEY_UIApplicationSceneManifest_Generation = YES;
				INFOPLIST_KEY_UILaunchScreen_Generation = YES;
				IPHONEOS_DEPLOYMENT_TARGET = 15.0;
				LD_RUNPATH_SEARCH_PATHS = (
					"$(inherited)",
					"@executable_path/Frameworks",
				);
				MARKETING_VERSION = 1.0.0;
				PRODUCT_BUNDLE_IDENTIFIER = com.quickemojis.quickemojis;
				SDKROOT = iphoneos;
				TARGETED_DEVICE_FAMILY = "1,2";
			};
			name = Debug;
		};
		C0A2C9F3AEF6D446C6728B5E /* Debug */ = {
			isa = XCBuildConfiguration;
			buildSettings = {
				ALWAYS_SEARCH_USER_PATHS = NO;
				CLANG_ANALYZER_NONNULL = YES;
				CLANG_ANALYZER_NUMBER_OBJECT_CONVERSION = YES_AGGRESSIVE;
				CLANG_CXX_LANGUAGE_STANDARD = "gnu++14";
				CLANG_CXX_LIBRARY = "libc++";
				CLANG_ENABLE_MODULES = YES;
				CLANG_ENABLE_OBJC_ARC = YES;
				CLANG_ENABLE_OBJC_WEAK = YES;
				CLANG_WARN_BLOCK_CAPTURE_AUTORELEASING = YES;
				CLANG_WARN_BOOL_CONVERSION = YES;
				CLANG_WARN_COMMA = YES;
				CLANG_WARN_CONSTANT_CONVERSION = YES;
				CLANG_WARN_DEPRECATED_OBJC_IMPLEMENTATIONS = YES;
				CLANG_WARN_DIRECT_OBJC_ISA_USAGE = YES_ERROR;
				CLANG_WARN_DOCUMENTATION_COMMENTS = YES;
				CLANG_WARN_EMPTY_BODY = YES;
				CLANG_WARN_ENUM_CONVERSION = YES;
				CLANG_WARN_INFINITE_RECURSION = YES;
				CLANG_WARN_INT_CONVERSION = YES;
				CLANG_WARN_NON_LITERAL_NULL_CONVERSION = YES;
				CLANG_WARN_OBJC_IMPLICIT_RETAIN_SELF = YES;
				CLANG_WARN_OBJC_LITERAL_CONVERSION = YES;
				CLANG_WARN_OBJC_ROOT_CLASS = YES_ERROR;
				CLANG_WARN_QUOTED_INCLUDE_IN_FRAMEWORK_HEADER = YES;
				CLANG_WARN_RANGE_LOOP_ANALYSIS = YES;
				CLANG_WARN_STRICT_PROTOTYPES = YES;
				CLANG_WARN_SUSPICIOUS_MOVE = YES;
				CLANG_WARN_UNGUARDED_AVAILABILITY = YES_AGGRESSIVE;
				CLANG_WARN_UNREACHABLE_CODE = YES;
				CLANG_WARN__DUPLICATE_METHOD_MATCH = YES;
				COPY_PHASE_STRIP = NO;
				DEBUG_INFORMATION_FORMAT = dwarf;
				ENABLE_STRICT_OBJC_MSGSEND = YES;
				ENABLE_TESTABILITY = YES;
				GCC_C_LANGUAGE_STANDARD = gnu11;
				GCC_DYNAMIC_NO_PIC = NO;
				GCC_NO_COMMON_BLOCKS = YES;
				GCC_OPTIMIZATION_LEVEL = 0;
				GCC_PREPROCESSOR_DEFINITIONS = (
					"$(inherited)",
					"DEBUG=1",
				);
				GCC_WARN_64_TO_32_BIT_CONVERSION = YES;
				GCC_WARN_ABOUT_RETURN_TYPE = YES_ERROR;
				GCC_WARN_UNDECLARED_SELECTOR = YES;
				GCC_WARN_UNINITIALIZED_AUTOS = YES_AGGRESSIVE;
				GCC_WARN_UNUSED_FUNCTION = YES;
				GCC_WARN_UNUSED_VARIABLE = YES;
				IPHONEOS_DEPLOYMENT_TARGET = 15.0;
				MTL_ENABLE_DEBUG_INFO = INCLUDE_SOURCE;
				MTL_FAST_MATH = YES;
				ONLY_ACTIVE_ARCH = YES;
				PRODUCT_NAME = "$(TARGET_NAME)";
				SDKROOT = iphoneos;
				SWIFT_ACTIVE_COMPILATION_CONDITIONS = DEBUG;
				SWIFT_OPTIMIZATION_LEVEL = "-Onone";
				SWIFT_VERSION = 5.0;
			};
			name = Debug;
		};
		D640565A7B77D3179B2F4578 /* Release */ = {
			isa = XCBuildConfiguration;
			buildSettings = {
				ASSETCATALOG_COMPILER_APPICON_NAME = AppIcon;
				ASSETCATALOG_COMPILER_GLOBAL_ACCENT_COLOR_NAME = AccentColor;
				CODE_SIGN_IDENTITY = "iPhone Developer";
				CODE_SIGN_STYLE = Automatic;
				CURRENT_PROJECT_VERSION = 1;
				DEVELOPMENT_TEAM = 3YH5RQ572Q;
				GENERATE_INFOPLIST_FILE = YES;
				INFOPLIST_KEY_UIApplicationSceneManifest_Generation = YES;
				INFOPLIST_KEY_UILaunchScreen_Generation = YES;
				IPHONEOS_DEPLOYMENT_TARGET = 15.0;
				LD_RUNPATH_SEARCH_PATHS = (
					"$(inherited)",
					"@executable_path/Frameworks",
				);
				MARKETING_VERSION = 1.0.0;
				PRODUCT_BUNDLE_IDENTIFIER = com.quickemojis.quickemojis;
				SDKROOT = iphoneos;
				TARGETED_DEVICE_FAMILY = "1,2";
			};
			name = Release;
		};
		E24ADA95DD499B22A507A825 /* Release */ = {
			isa = XCBuildConfiguration;
			buildSettings = {
				ALWAYS_SEARCH_USER_PATHS = NO;
				CLANG_ANALYZER_NONNULL = YES;
				CLANG_ANALYZER_NUMBER_OBJECT_CONVERSION = YES_AGGRESSIVE;
				CLANG_CXX_LANGUAGE_STANDARD = "gnu++14";
				CLANG_CXX_LIBRARY = "libc++";
				CLANG_ENABLE_MODULES = YES;
				CLANG_ENABLE_OBJC_ARC = YES;
				CLANG_ENABLE_OBJC_WEAK = YES;
				CLANG_WARN_BLOCK_CAPTURE_AUTORELEASING = YES;
				CLANG_WARN_BOOL_CONVERSION = YES;
				CLANG_WARN_COMMA = YES;
				CLANG_WARN_CONSTANT_CONVERSION = YES;
				CLANG_WARN_DEPRECATED_OBJC_IMPLEMENTATIONS = YES;
				CLANG_WARN_DIRECT_OBJC_ISA_USAGE = YES_ERROR;
				CLANG_WARN_DOCUMENTATION_COMMENTS = YES;
				CLANG_WARN_EMPTY_BODY = YES;
				CLANG_WARN_ENUM_CONVERSION = YES;
				CLANG_WARN_INFINITE_RECURSION = YES;
				CLANG_WARN_INT_CONVERSION = YES;
				CLANG_WARN_NON_LITERAL_NULL_CONVERSION = YES;
				CLANG_WARN_OBJC_IMPLICIT_RETAIN_SELF = YES;
				CLANG_WARN_OBJC_LITERAL_CONVERSION = YES;
				CLANG_WARN_OBJC_ROOT_CLASS = YES_ERROR;
				CLANG_WARN_QUOTED_INCLUDE_IN_FRAMEWORK_HEADER = YES;
				CLANG_WARN_RANGE_LOOP_ANALYSIS = YES;
				CLANG_WARN_STRICT_PROTOTYPES = YES;
				CLANG_WARN_SUSPICIOUS_MOVE = YES;
				CLANG_WARN_UNGUARDED_AVAILABILITY = YES_AGGRESSIVE;
				CLANG_WARN_UNREACHABLE_CODE = YES;
				CLANG_WARN__DUPLICATE_METHOD_MATCH = YES;
				COPY_PHASE_STRIP = NO;
				DEBUG_INFORMATION_FORMAT = "dwarf-with-dsym";
				ENABLE_NS_ASSERTIONS = NO;
				ENABLE_STRICT_OBJC_MSGSEND = YES;
				GCC_C_LANGUAGE_STANDARD = gnu11;
				GCC_NO_COMMON_BLOCKS = YES;
				GCC_WARN_64_TO_32_BIT_CONVERSION = YES;
				GCC_WARN_ABOUT_RETURN_TYPE = YES_ERROR;
				GCC_WARN_UNDECLARED_SELECTOR = YES;
				GCC_WARN_UNINITIALIZED_AUTOS = YES_AGGRESSIVE;
				GCC_WARN_UNUSED_FUNCTION = YES;
				GCC_WARN_UNUSED_VARIABLE = YES;
				IPHONEOS_DEPLOYMENT_TARGET = 15.0;
				MTL_ENABLE_DEBUG_INFO = NO;
				MTL_FAST_MATH = YES;
				PRODUCT_NAME = "$(TARGET_NAME)";
				SDKROOT = iphoneos;
				SWIFT_COMPILATION_MODE = wholemodule;
				SWIFT_OPTIMIZATION_LEVEL = "-O";
				SWIFT_VERSION = 5.0;
			};
			name = Release;
		};
/* End XCBuildConfiguration section */

/* Begin XCConfigurationList section */
		01200DD8878203FFA7649E28 /* Build configuration list for PBXNativeTarget "QuickEmojis" */ = {
			isa = XCConfigurationList;
			buildConfigurations = (
				B1B3EC3B106F94345FABBE96 /* Debug */,
				D640565A7B77D3179B2F4578 /* Release */,
			);
			defaultConfigurationIsVisible = 0;
			defaultConfigurationName = Debug;
		};
		04264F08524B4E9A1D446598 /* Build configuration list for PBXProject "QuickEmojis" */ = {
			isa = XCConfigurationList;
			buildConfigurations = (
				C0A2C9F3AEF6D446C6728B5E /* Debug */,
				E24ADA95DD499B22A507A825 /* Release */,
			);
			defaultConfigurationIsVisible = 0;
			defaultConfigurationName = Debug;
		};
/* End XCConfigurationList section */
	};
	rootObject = D81868B05B97536F68DFBCEE /* Project object */;
}
